
Microsoft Visual Studio Solution File, Format Version 12.00
# Visual Studio Version 16
VisualStudioVersion = 16.0.31019.35
MinimumVisualStudioVersion = 10.0.40219.1
Project("{FAE04EC0-301F-11D3-BF4B-00C04F79EFBC}") = "strStr", "strStr\strStr.csproj", "{D9EA5EF6-13B6-43A8-A75C-2F6C1CA47460}"
EndProject
Global
	GlobalSection(SolutionConfigurationPlatforms) = preSolution
		Debug|Any CPU = Debug|Any CPU
		Release|Any CPU = Release|Any CPU
	EndGlobalSection
	GlobalSection(ProjectConfigurationPlatforms) = postSolution
		{D9EA5EF6-13B6-43A8-A75C-2F6C1CA47460}.Debug|Any CPU.ActiveCfg = Debug|Any CPU
		{D9EA5EF6-13B6-43A8-A75C-2F6C1CA47460}.Debug|Any CPU.Build.0 = Debug|Any CPU
		{D9EA5EF6-13B6-43A8-A75C-2F6C1CA47460}.Release|Any CPU.ActiveCfg = Release|Any CPU
		{D9EA5EF6-13B6-43A8-A75C-2F6C1CA47460}.Release|Any CPU.Build.0 = Release|Any CPU
	EndGlobalSection
	GlobalSection(SolutionProperties) = preSolution
		HideSolutionNode = FALSE
	EndGlobalSection
	GlobalSection(ExtensibilityGlobals) = postSolution
		SolutionGuid = {6EC48949-08EF-43E3-8F0C-757777ACBA21}
	EndGlobalSection
EndGlobal
